
Microsoft Visual Studio Solution File, Format Version 12.00
# Visual Studio Version 16
VisualStudioVersion = 16.0.30523.141
MinimumVisualStudioVersion = 10.0.40219.1
Project("{FAE04EC0-301F-11D3-BF4B-00C04F79EFBC}") = "LabTaskFT1", "LabTaskFT1\LabTaskFT1.csproj", "{96670029-760E-47EF-858D-1C1780081FEE}"
EndProject
Global
	GlobalSection(SolutionConfigurationPlatforms) = preSolution
		Debug|Any CPU = Debug|Any CPU
		Release|Any CPU = Release|Any CPU
	EndGlobalSection
	GlobalSection(ProjectConfigurationPlatforms) = postSolution
		{96670029-760E-47EF-858D-1C1780081FEE}.Debug|Any CPU.ActiveCfg = Debug|Any CPU
		{96670029-760E-47EF-858D-1C1780081FEE}.Debug|Any CPU.Build.0 = Debug|Any CPU
		{96670029-760E-47EF-858D-1C1780081FEE}.Release|Any CPU.ActiveCfg = Release|Any CPU
		{96670029-760E-47EF-858D-1C1780081FEE}.Release|Any CPU.Build.0 = Release|Any CPU
	EndGlobalSection
	GlobalSection(SolutionProperties) = preSolution
		HideSolutionNode = FALSE
	EndGlobalSection
	GlobalSection(ExtensibilityGlobals) = postSolution
		SolutionGuid = {1EABAF16-9831-4288-9585-029DDD0AAB45}
	EndGlobalSection
EndGlobal
