
Microsoft Visual Studio Solution File, Format Version 12.00
# Visual Studio Version 16
VisualStudioVersion = 16.0.30523.141
MinimumVisualStudioVersion = 10.0.40219.1
Project("{FAE04EC0-301F-11D3-BF4B-00C04F79EFBC}") = "Lab7Task1", "Lab7Task1\Lab7Task1.csproj", "{4CCFD98C-B8E5-4F50-A2D1-C92DDC7DFF56}"
EndProject
Global
	GlobalSection(SolutionConfigurationPlatforms) = preSolution
		Debug|Any CPU = Debug|Any CPU
		Release|Any CPU = Release|Any CPU
	EndGlobalSection
	GlobalSection(ProjectConfigurationPlatforms) = postSolution
		{4CCFD98C-B8E5-4F50-A2D1-C92DDC7DFF56}.Debug|Any CPU.ActiveCfg = Debug|Any CPU
		{4CCFD98C-B8E5-4F50-A2D1-C92DDC7DFF56}.Debug|Any CPU.Build.0 = Debug|Any CPU
		{4CCFD98C-B8E5-4F50-A2D1-C92DDC7DFF56}.Release|Any CPU.ActiveCfg = Release|Any CPU
		{4CCFD98C-B8E5-4F50-A2D1-C92DDC7DFF56}.Release|Any CPU.Build.0 = Release|Any CPU
	EndGlobalSection
	GlobalSection(SolutionProperties) = preSolution
		HideSolutionNode = FALSE
	EndGlobalSection
	GlobalSection(ExtensibilityGlobals) = postSolution
		SolutionGuid = {CE581E77-01C5-4ABD-A40D-6B4726AFA99B}
	EndGlobalSection
EndGlobal
