
Microsoft Visual Studio Solution File, Format Version 12.00
# Visual Studio Version 16
VisualStudioVersion = 16.0.30523.141
MinimumVisualStudioVersion = 10.0.40219.1
Project("{FAE04EC0-301F-11D3-BF4B-00C04F79EFBC}") = "Lab7Task3", "Lab7Task3\Lab7Task3.csproj", "{27402D0F-651B-4921-A364-DA32AE276764}"
EndProject
Global
	GlobalSection(SolutionConfigurationPlatforms) = preSolution
		Debug|Any CPU = Debug|Any CPU
		Release|Any CPU = Release|Any CPU
	EndGlobalSection
	GlobalSection(ProjectConfigurationPlatforms) = postSolution
		{27402D0F-651B-4921-A364-DA32AE276764}.Debug|Any CPU.ActiveCfg = Debug|Any CPU
		{27402D0F-651B-4921-A364-DA32AE276764}.Debug|Any CPU.Build.0 = Debug|Any CPU
		{27402D0F-651B-4921-A364-DA32AE276764}.Release|Any CPU.ActiveCfg = Release|Any CPU
		{27402D0F-651B-4921-A364-DA32AE276764}.Release|Any CPU.Build.0 = Release|Any CPU
	EndGlobalSection
	GlobalSection(SolutionProperties) = preSolution
		HideSolutionNode = FALSE
	EndGlobalSection
	GlobalSection(ExtensibilityGlobals) = postSolution
		SolutionGuid = {55746D82-0833-483B-BE66-BE3D7C90780D}
	EndGlobalSection
EndGlobal
