
Microsoft Visual Studio Solution File, Format Version 12.00
# Visual Studio Version 16
VisualStudioVersion = 16.0.30523.141
MinimumVisualStudioVersion = 10.0.40219.1
Project("{FAE04EC0-301F-11D3-BF4B-00C04F79EFBC}") = "JaggedArrayLab", "JaggedArrayLab\JaggedArrayLab.csproj", "{7A870C43-9504-41FA-86A7-F5631447F2FD}"
EndProject
Global
	GlobalSection(SolutionConfigurationPlatforms) = preSolution
		Debug|Any CPU = Debug|Any CPU
		Release|Any CPU = Release|Any CPU
	EndGlobalSection
	GlobalSection(ProjectConfigurationPlatforms) = postSolution
		{7A870C43-9504-41FA-86A7-F5631447F2FD}.Debug|Any CPU.ActiveCfg = Debug|Any CPU
		{7A870C43-9504-41FA-86A7-F5631447F2FD}.Debug|Any CPU.Build.0 = Debug|Any CPU
		{7A870C43-9504-41FA-86A7-F5631447F2FD}.Release|Any CPU.ActiveCfg = Release|Any CPU
		{7A870C43-9504-41FA-86A7-F5631447F2FD}.Release|Any CPU.Build.0 = Release|Any CPU
	EndGlobalSection
	GlobalSection(SolutionProperties) = preSolution
		HideSolutionNode = FALSE
	EndGlobalSection
	GlobalSection(ExtensibilityGlobals) = postSolution
		SolutionGuid = {791794E5-57A4-4146-8F8F-C70D0092BDFB}
	EndGlobalSection
EndGlobal
