
Microsoft Visual Studio Solution File, Format Version 12.00
# Visual Studio Version 16
VisualStudioVersion = 16.0.30523.141
MinimumVisualStudioVersion = 10.0.40219.1
Project("{FAE04EC0-301F-11D3-BF4B-00C04F79EFBC}") = "Lab 1 Problem 16]", "Lab 1 Problem 16]\Lab 1 Problem 16].csproj", "{C5136765-9BFD-4FF4-A0D3-FC7536C78CD7}"
EndProject
Global
	GlobalSection(SolutionConfigurationPlatforms) = preSolution
		Debug|Any CPU = Debug|Any CPU
		Release|Any CPU = Release|Any CPU
	EndGlobalSection
	GlobalSection(ProjectConfigurationPlatforms) = postSolution
		{C5136765-9BFD-4FF4-A0D3-FC7536C78CD7}.Debug|Any CPU.ActiveCfg = Debug|Any CPU
		{C5136765-9BFD-4FF4-A0D3-FC7536C78CD7}.Debug|Any CPU.Build.0 = Debug|Any CPU
		{C5136765-9BFD-4FF4-A0D3-FC7536C78CD7}.Release|Any CPU.ActiveCfg = Release|Any CPU
		{C5136765-9BFD-4FF4-A0D3-FC7536C78CD7}.Release|Any CPU.Build.0 = Release|Any CPU
	EndGlobalSection
	GlobalSection(SolutionProperties) = preSolution
		HideSolutionNode = FALSE
	EndGlobalSection
	GlobalSection(ExtensibilityGlobals) = postSolution
		SolutionGuid = {95207081-A402-4A7B-A1EE-301FD0C728F9}
	EndGlobalSection
EndGlobal
