
Microsoft Visual Studio Solution File, Format Version 12.00
# Visual Studio Version 16
VisualStudioVersion = 16.0.30523.141
MinimumVisualStudioVersion = 10.0.40219.1
Project("{FAE04EC0-301F-11D3-BF4B-00C04F79EFBC}") = "Lab3TaskAccount", "Lab3TaskAccount\Lab3TaskAccount.csproj", "{2D6EF149-C4E1-4BF6-B18D-56508D6D87EB}"
EndProject
Global
	GlobalSection(SolutionConfigurationPlatforms) = preSolution
		Debug|Any CPU = Debug|Any CPU
		Release|Any CPU = Release|Any CPU
	EndGlobalSection
	GlobalSection(ProjectConfigurationPlatforms) = postSolution
		{2D6EF149-C4E1-4BF6-B18D-56508D6D87EB}.Debug|Any CPU.ActiveCfg = Debug|Any CPU
		{2D6EF149-C4E1-4BF6-B18D-56508D6D87EB}.Debug|Any CPU.Build.0 = Debug|Any CPU
		{2D6EF149-C4E1-4BF6-B18D-56508D6D87EB}.Release|Any CPU.ActiveCfg = Release|Any CPU
		{2D6EF149-C4E1-4BF6-B18D-56508D6D87EB}.Release|Any CPU.Build.0 = Release|Any CPU
	EndGlobalSection
	GlobalSection(SolutionProperties) = preSolution
		HideSolutionNode = FALSE
	EndGlobalSection
	GlobalSection(ExtensibilityGlobals) = postSolution
		SolutionGuid = {E991DF06-5A28-4B33-AE90-CD737EBD2CD9}
	EndGlobalSection
EndGlobal
