
Microsoft Visual Studio Solution File, Format Version 12.00
# Visual Studio Version 16
VisualStudioVersion = 16.0.30523.141
MinimumVisualStudioVersion = 10.0.40219.1
Project("{FAE04EC0-301F-11D3-BF4B-00C04F79EFBC}") = "Lab 1 problem 12", "Lab 1 problem 12\Lab 1 problem 12.csproj", "{6003C2B1-C456-4716-9063-86AF197C9A28}"
EndProject
Global
	GlobalSection(SolutionConfigurationPlatforms) = preSolution
		Debug|Any CPU = Debug|Any CPU
		Release|Any CPU = Release|Any CPU
	EndGlobalSection
	GlobalSection(ProjectConfigurationPlatforms) = postSolution
		{6003C2B1-C456-4716-9063-86AF197C9A28}.Debug|Any CPU.ActiveCfg = Debug|Any CPU
		{6003C2B1-C456-4716-9063-86AF197C9A28}.Debug|Any CPU.Build.0 = Debug|Any CPU
		{6003C2B1-C456-4716-9063-86AF197C9A28}.Release|Any CPU.ActiveCfg = Release|Any CPU
		{6003C2B1-C456-4716-9063-86AF197C9A28}.Release|Any CPU.Build.0 = Release|Any CPU
	EndGlobalSection
	GlobalSection(SolutionProperties) = preSolution
		HideSolutionNode = FALSE
	EndGlobalSection
	GlobalSection(ExtensibilityGlobals) = postSolution
		SolutionGuid = {8A15BE0C-27F4-463C-8241-E42730EF5725}
	EndGlobalSection
EndGlobal
