
Microsoft Visual Studio Solution File, Format Version 12.00
# Visual Studio Version 16
VisualStudioVersion = 16.0.30523.141
MinimumVisualStudioVersion = 10.0.40219.1
Project("{FAE04EC0-301F-11D3-BF4B-00C04F79EFBC}") = "Lab 6 Task", "Lab 6 Task\Lab 6 Task.csproj", "{04027D2B-B424-4E3C-8EC9-1AB9D8E7D4AC}"
EndProject
Global
	GlobalSection(SolutionConfigurationPlatforms) = preSolution
		Debug|Any CPU = Debug|Any CPU
		Release|Any CPU = Release|Any CPU
	EndGlobalSection
	GlobalSection(ProjectConfigurationPlatforms) = postSolution
		{04027D2B-B424-4E3C-8EC9-1AB9D8E7D4AC}.Debug|Any CPU.ActiveCfg = Debug|Any CPU
		{04027D2B-B424-4E3C-8EC9-1AB9D8E7D4AC}.Debug|Any CPU.Build.0 = Debug|Any CPU
		{04027D2B-B424-4E3C-8EC9-1AB9D8E7D4AC}.Release|Any CPU.ActiveCfg = Release|Any CPU
		{04027D2B-B424-4E3C-8EC9-1AB9D8E7D4AC}.Release|Any CPU.Build.0 = Release|Any CPU
	EndGlobalSection
	GlobalSection(SolutionProperties) = preSolution
		HideSolutionNode = FALSE
	EndGlobalSection
	GlobalSection(ExtensibilityGlobals) = postSolution
		SolutionGuid = {DBCFFE52-02BD-46C1-85FB-A37B8F925578}
	EndGlobalSection
EndGlobal
